
Microsoft Visual Studio Solution File, Format Version 12.00
# Visual Studio Version 17
VisualStudioVersion = 17.10.35027.167
MinimumVisualStudioVersion = 10.0.40219.1
Project("{8BC9CEB8-8B4A-11D0-8D11-00A0C91BC942}") = "testdriver", "testdriver\testdriver.vcxproj", "{5D4BA70A-CC77-4FD2-A65A-36BB2C1FF7B4}"
EndProject
Project("{8BC9CEB8-8B4A-11D0-8D11-00A0C91BC942}") = "input", "input\input.vcxproj", "{73F7FA6D-B914-4BC8-9D0B-4B5B656AF1DF}"
EndProject
Project("{8BC9CEB8-8B4A-11D0-8D11-00A0C91BC942}") = "userland", "userland\userland.vcxproj", "{085A17B3-6769-4CAC-BD67-E2188DE63F2F}"
EndProject
Project("{8BC9CEB8-8B4A-11D0-8D11-00A0C91BC942}") = "new_driver", "new_driver\new_driver.vcxproj", "{601D1FE3-495C-4345-B717-D7E0045C97FB}"
EndProject
Project("{8BC9CEB8-8B4A-11D0-8D11-00A0C91BC942}") = "dosquery", "dosquery\dosquery.vcxproj", "{9CEEC0CE-C91B-4794-A9A4-9B6786030CD4}"
EndProject
Project("{8BC9CEB8-8B4A-11D0-8D11-00A0C91BC942}") = "wdm_driver", "wdm_driver\wdm_driver.vcxproj", "{F2CFA474-A668-43C6-806D-5F5C09384FF6}"
EndProject
Project("{8BC9CEB8-8B4A-11D0-8D11-00A0C91BC942}") = "km-mouse", "..\kernel-mouse\driver\km-mouse.vcxproj", "{099D3591-88DE-488C-A83C-4A3AEFD6A47E}"
EndProject
Global
	GlobalSection(SolutionConfigurationPlatforms) = preSolution
		Debug|ARM64 = Debug|ARM64
		Debug|x64 = Debug|x64
		Debug|x86 = Debug|x86
		Release|ARM64 = Release|ARM64
		Release|x64 = Release|x64
		Release|x86 = Release|x86
	EndGlobalSection
	GlobalSection(ProjectConfigurationPlatforms) = postSolution
		{5D4BA70A-CC77-4FD2-A65A-36BB2C1FF7B4}.Debug|ARM64.ActiveCfg = Debug|ARM64
		{5D4BA70A-CC77-4FD2-A65A-36BB2C1FF7B4}.Debug|ARM64.Build.0 = Debug|ARM64
		{5D4BA70A-CC77-4FD2-A65A-36BB2C1FF7B4}.Debug|ARM64.Deploy.0 = Debug|ARM64
		{5D4BA70A-CC77-4FD2-A65A-36BB2C1FF7B4}.Debug|x64.ActiveCfg = Debug|x64
		{5D4BA70A-CC77-4FD2-A65A-36BB2C1FF7B4}.Debug|x64.Build.0 = Debug|x64
		{5D4BA70A-CC77-4FD2-A65A-36BB2C1FF7B4}.Debug|x64.Deploy.0 = Debug|x64
		{5D4BA70A-CC77-4FD2-A65A-36BB2C1FF7B4}.Debug|x86.ActiveCfg = Debug|x64
		{5D4BA70A-CC77-4FD2-A65A-36BB2C1FF7B4}.Debug|x86.Build.0 = Debug|x64
		{5D4BA70A-CC77-4FD2-A65A-36BB2C1FF7B4}.Debug|x86.Deploy.0 = Debug|x64
		{5D4BA70A-CC77-4FD2-A65A-36BB2C1FF7B4}.Release|ARM64.ActiveCfg = Release|ARM64
		{5D4BA70A-CC77-4FD2-A65A-36BB2C1FF7B4}.Release|ARM64.Build.0 = Release|ARM64
		{5D4BA70A-CC77-4FD2-A65A-36BB2C1FF7B4}.Release|ARM64.Deploy.0 = Release|ARM64
		{5D4BA70A-CC77-4FD2-A65A-36BB2C1FF7B4}.Release|x64.ActiveCfg = Release|x64
		{5D4BA70A-CC77-4FD2-A65A-36BB2C1FF7B4}.Release|x64.Build.0 = Release|x64
		{5D4BA70A-CC77-4FD2-A65A-36BB2C1FF7B4}.Release|x64.Deploy.0 = Release|x64
		{5D4BA70A-CC77-4FD2-A65A-36BB2C1FF7B4}.Release|x86.ActiveCfg = Release|x64
		{5D4BA70A-CC77-4FD2-A65A-36BB2C1FF7B4}.Release|x86.Build.0 = Release|x64
		{5D4BA70A-CC77-4FD2-A65A-36BB2C1FF7B4}.Release|x86.Deploy.0 = Release|x64
		{73F7FA6D-B914-4BC8-9D0B-4B5B656AF1DF}.Debug|ARM64.ActiveCfg = Debug|ARM64
		{73F7FA6D-B914-4BC8-9D0B-4B5B656AF1DF}.Debug|ARM64.Build.0 = Debug|ARM64
		{73F7FA6D-B914-4BC8-9D0B-4B5B656AF1DF}.Debug|ARM64.Deploy.0 = Debug|ARM64
		{73F7FA6D-B914-4BC8-9D0B-4B5B656AF1DF}.Debug|x64.ActiveCfg = Debug|x64
		{73F7FA6D-B914-4BC8-9D0B-4B5B656AF1DF}.Debug|x64.Build.0 = Debug|x64
		{73F7FA6D-B914-4BC8-9D0B-4B5B656AF1DF}.Debug|x64.Deploy.0 = Debug|x64
		{73F7FA6D-B914-4BC8-9D0B-4B5B656AF1DF}.Debug|x86.ActiveCfg = Debug|x64
		{73F7FA6D-B914-4BC8-9D0B-4B5B656AF1DF}.Debug|x86.Build.0 = Debug|x64
		{73F7FA6D-B914-4BC8-9D0B-4B5B656AF1DF}.Debug|x86.Deploy.0 = Debug|x64
		{73F7FA6D-B914-4BC8-9D0B-4B5B656AF1DF}.Release|ARM64.ActiveCfg = Release|ARM64
		{73F7FA6D-B914-4BC8-9D0B-4B5B656AF1DF}.Release|ARM64.Build.0 = Release|ARM64
		{73F7FA6D-B914-4BC8-9D0B-4B5B656AF1DF}.Release|ARM64.Deploy.0 = Release|ARM64
		{73F7FA6D-B914-4BC8-9D0B-4B5B656AF1DF}.Release|x64.ActiveCfg = Release|x64
		{73F7FA6D-B914-4BC8-9D0B-4B5B656AF1DF}.Release|x64.Build.0 = Release|x64
		{73F7FA6D-B914-4BC8-9D0B-4B5B656AF1DF}.Release|x64.Deploy.0 = Release|x64
		{73F7FA6D-B914-4BC8-9D0B-4B5B656AF1DF}.Release|x86.ActiveCfg = Release|x64
		{73F7FA6D-B914-4BC8-9D0B-4B5B656AF1DF}.Release|x86.Build.0 = Release|x64
		{73F7FA6D-B914-4BC8-9D0B-4B5B656AF1DF}.Release|x86.Deploy.0 = Release|x64
		{085A17B3-6769-4CAC-BD67-E2188DE63F2F}.Debug|ARM64.ActiveCfg = Debug|x64
		{085A17B3-6769-4CAC-BD67-E2188DE63F2F}.Debug|ARM64.Build.0 = Debug|x64
		{085A17B3-6769-4CAC-BD67-E2188DE63F2F}.Debug|x64.ActiveCfg = Debug|x64
		{085A17B3-6769-4CAC-BD67-E2188DE63F2F}.Debug|x64.Build.0 = Debug|x64
		{085A17B3-6769-4CAC-BD67-E2188DE63F2F}.Debug|x86.ActiveCfg = Debug|Win32
		{085A17B3-6769-4CAC-BD67-E2188DE63F2F}.Debug|x86.Build.0 = Debug|Win32
		{085A17B3-6769-4CAC-BD67-E2188DE63F2F}.Release|ARM64.ActiveCfg = Release|x64
		{085A17B3-6769-4CAC-BD67-E2188DE63F2F}.Release|ARM64.Build.0 = Release|x64
		{085A17B3-6769-4CAC-BD67-E2188DE63F2F}.Release|x64.ActiveCfg = Release|x64
		{085A17B3-6769-4CAC-BD67-E2188DE63F2F}.Release|x64.Build.0 = Release|x64
		{085A17B3-6769-4CAC-BD67-E2188DE63F2F}.Release|x86.ActiveCfg = Release|Win32
		{085A17B3-6769-4CAC-BD67-E2188DE63F2F}.Release|x86.Build.0 = Release|Win32
		{601D1FE3-495C-4345-B717-D7E0045C97FB}.Debug|ARM64.ActiveCfg = Debug|ARM64
		{601D1FE3-495C-4345-B717-D7E0045C97FB}.Debug|ARM64.Build.0 = Debug|ARM64
		{601D1FE3-495C-4345-B717-D7E0045C97FB}.Debug|ARM64.Deploy.0 = Debug|ARM64
		{601D1FE3-495C-4345-B717-D7E0045C97FB}.Debug|x64.ActiveCfg = Debug|x64
		{601D1FE3-495C-4345-B717-D7E0045C97FB}.Debug|x64.Build.0 = Debug|x64
		{601D1FE3-495C-4345-B717-D7E0045C97FB}.Debug|x64.Deploy.0 = Debug|x64
		{601D1FE3-495C-4345-B717-D7E0045C97FB}.Debug|x86.ActiveCfg = Debug|x64
		{601D1FE3-495C-4345-B717-D7E0045C97FB}.Debug|x86.Build.0 = Debug|x64
		{601D1FE3-495C-4345-B717-D7E0045C97FB}.Debug|x86.Deploy.0 = Debug|x64
		{601D1FE3-495C-4345-B717-D7E0045C97FB}.Release|ARM64.ActiveCfg = Release|ARM64
		{601D1FE3-495C-4345-B717-D7E0045C97FB}.Release|ARM64.Build.0 = Release|ARM64
		{601D1FE3-495C-4345-B717-D7E0045C97FB}.Release|ARM64.Deploy.0 = Release|ARM64
		{601D1FE3-495C-4345-B717-D7E0045C97FB}.Release|x64.ActiveCfg = Release|x64
		{601D1FE3-495C-4345-B717-D7E0045C97FB}.Release|x64.Build.0 = Release|x64
		{601D1FE3-495C-4345-B717-D7E0045C97FB}.Release|x64.Deploy.0 = Release|x64
		{601D1FE3-495C-4345-B717-D7E0045C97FB}.Release|x86.ActiveCfg = Release|x64
		{601D1FE3-495C-4345-B717-D7E0045C97FB}.Release|x86.Build.0 = Release|x64
		{601D1FE3-495C-4345-B717-D7E0045C97FB}.Release|x86.Deploy.0 = Release|x64
		{9CEEC0CE-C91B-4794-A9A4-9B6786030CD4}.Debug|ARM64.ActiveCfg = Debug|x64
		{9CEEC0CE-C91B-4794-A9A4-9B6786030CD4}.Debug|ARM64.Build.0 = Debug|x64
		{9CEEC0CE-C91B-4794-A9A4-9B6786030CD4}.Debug|x64.ActiveCfg = Debug|x64
		{9CEEC0CE-C91B-4794-A9A4-9B6786030CD4}.Debug|x64.Build.0 = Debug|x64
		{9CEEC0CE-C91B-4794-A9A4-9B6786030CD4}.Debug|x86.ActiveCfg = Debug|Win32
		{9CEEC0CE-C91B-4794-A9A4-9B6786030CD4}.Debug|x86.Build.0 = Debug|Win32
		{9CEEC0CE-C91B-4794-A9A4-9B6786030CD4}.Release|ARM64.ActiveCfg = Release|x64
		{9CEEC0CE-C91B-4794-A9A4-9B6786030CD4}.Release|ARM64.Build.0 = Release|x64
		{9CEEC0CE-C91B-4794-A9A4-9B6786030CD4}.Release|x64.ActiveCfg = Release|x64
		{9CEEC0CE-C91B-4794-A9A4-9B6786030CD4}.Release|x64.Build.0 = Release|x64
		{9CEEC0CE-C91B-4794-A9A4-9B6786030CD4}.Release|x86.ActiveCfg = Release|Win32
		{9CEEC0CE-C91B-4794-A9A4-9B6786030CD4}.Release|x86.Build.0 = Release|Win32
		{F2CFA474-A668-43C6-806D-5F5C09384FF6}.Debug|ARM64.ActiveCfg = Debug|ARM64
		{F2CFA474-A668-43C6-806D-5F5C09384FF6}.Debug|ARM64.Build.0 = Debug|ARM64
		{F2CFA474-A668-43C6-806D-5F5C09384FF6}.Debug|ARM64.Deploy.0 = Debug|ARM64
		{F2CFA474-A668-43C6-806D-5F5C09384FF6}.Debug|x64.ActiveCfg = Debug|x64
		{F2CFA474-A668-43C6-806D-5F5C09384FF6}.Debug|x64.Build.0 = Debug|x64
		{F2CFA474-A668-43C6-806D-5F5C09384FF6}.Debug|x64.Deploy.0 = Debug|x64
		{F2CFA474-A668-43C6-806D-5F5C09384FF6}.Debug|x86.ActiveCfg = Debug|x64
		{F2CFA474-A668-43C6-806D-5F5C09384FF6}.Debug|x86.Build.0 = Debug|x64
		{F2CFA474-A668-43C6-806D-5F5C09384FF6}.Debug|x86.Deploy.0 = Debug|x64
		{F2CFA474-A668-43C6-806D-5F5C09384FF6}.Release|ARM64.ActiveCfg = Release|ARM64
		{F2CFA474-A668-43C6-806D-5F5C09384FF6}.Release|ARM64.Build.0 = Release|ARM64
		{F2CFA474-A668-43C6-806D-5F5C09384FF6}.Release|ARM64.Deploy.0 = Release|ARM64
		{F2CFA474-A668-43C6-806D-5F5C09384FF6}.Release|x64.ActiveCfg = Release|x64
		{F2CFA474-A668-43C6-806D-5F5C09384FF6}.Release|x64.Build.0 = Release|x64
		{F2CFA474-A668-43C6-806D-5F5C09384FF6}.Release|x64.Deploy.0 = Release|x64
		{F2CFA474-A668-43C6-806D-5F5C09384FF6}.Release|x86.ActiveCfg = Release|x64
		{F2CFA474-A668-43C6-806D-5F5C09384FF6}.Release|x86.Build.0 = Release|x64
		{F2CFA474-A668-43C6-806D-5F5C09384FF6}.Release|x86.Deploy.0 = Release|x64
		{099D3591-88DE-488C-A83C-4A3AEFD6A47E}.Debug|ARM64.ActiveCfg = Debug|ARM64
		{099D3591-88DE-488C-A83C-4A3AEFD6A47E}.Debug|ARM64.Build.0 = Debug|ARM64
		{099D3591-88DE-488C-A83C-4A3AEFD6A47E}.Debug|ARM64.Deploy.0 = Debug|ARM64
		{099D3591-88DE-488C-A83C-4A3AEFD6A47E}.Debug|x64.ActiveCfg = Debug|x64
		{099D3591-88DE-488C-A83C-4A3AEFD6A47E}.Debug|x64.Build.0 = Debug|x64
		{099D3591-88DE-488C-A83C-4A3AEFD6A47E}.Debug|x64.Deploy.0 = Debug|x64
		{099D3591-88DE-488C-A83C-4A3AEFD6A47E}.Debug|x86.ActiveCfg = Debug|x64
		{099D3591-88DE-488C-A83C-4A3AEFD6A47E}.Debug|x86.Build.0 = Debug|x64
		{099D3591-88DE-488C-A83C-4A3AEFD6A47E}.Debug|x86.Deploy.0 = Debug|x64
		{099D3591-88DE-488C-A83C-4A3AEFD6A47E}.Release|ARM64.ActiveCfg = Release|ARM64
		{099D3591-88DE-488C-A83C-4A3AEFD6A47E}.Release|ARM64.Build.0 = Release|ARM64
		{099D3591-88DE-488C-A83C-4A3AEFD6A47E}.Release|ARM64.Deploy.0 = Release|ARM64
		{099D3591-88DE-488C-A83C-4A3AEFD6A47E}.Release|x64.ActiveCfg = Release|x64
		{099D3591-88DE-488C-A83C-4A3AEFD6A47E}.Release|x64.Build.0 = Release|x64
		{099D3591-88DE-488C-A83C-4A3AEFD6A47E}.Release|x64.Deploy.0 = Release|x64
		{099D3591-88DE-488C-A83C-4A3AEFD6A47E}.Release|x86.ActiveCfg = Release|x64
		{099D3591-88DE-488C-A83C-4A3AEFD6A47E}.Release|x86.Build.0 = Release|x64
		{099D3591-88DE-488C-A83C-4A3AEFD6A47E}.Release|x86.Deploy.0 = Release|x64
	EndGlobalSection
	GlobalSection(SolutionProperties) = preSolution
		HideSolutionNode = FALSE
	EndGlobalSection
	GlobalSection(ExtensibilityGlobals) = postSolution
		SolutionGuid = {60F36BF1-3E86-4EE5-9D62-09D286AE888C}
	EndGlobalSection
EndGlobal
